{
  "name": "visual",
  "requires": true,
  "lockfileVersion": 1,
  "dependencies": {
    "powerbi-visuals-api": {
      "version": "2.6.2",
      "resolved": "https://registry.npmjs.org/powerbi-visuals-api/-/powerbi-visuals-api-2.6.2.tgz",
      "integrity": "sha512-VU62zxpsl8eMMsJnOHXYoXMffoF7PZrZ0PkbbKd5amGw7RnjomjpSu1cS/GWdewOb5Be8LrX4f84g5bDVK79Jw==",
      "dev": true,
      "requires": {
        "semver": "^7.1.2"
      }
    },
    "powerbi-visuals-utils-dataviewutils": {
      "version": "2.2.1",
      "resolved": "https://registry.npmjs.org/powerbi-visuals-utils-dataviewutils/-/powerbi-visuals-utils-dataviewutils-2.2.1.tgz",
      "integrity": "sha512-Ai+TM1gj6DpAsNbn0IhOwUCAPfcaH4Z7y6Ow2OwAfbxNpELwQSF0S8D+vlJN2AoqV/ruQhnEngUC88mMFNyvJQ==",
      "dev": true
    },
    "semver": {
      "version": "7.2.1",
      "resolved": "https://registry.npmjs.org/semver/-/semver-7.2.1.tgz",
      "integrity": "sha512-aHhm1pD02jXXkyIpq25qBZjr3CQgg8KST8uX0OWXch3xE6jw+1bfbWnCjzMwojsTquroUmKFHNzU6x26mEiRxw==",
      "dev": true
    }
  }
}
